<?xml version="1.0" encoding="UTF-8" standalone="yes" ?>
<CodeBlocks_project_file>
	<FileVersion major="1" minor="6" />
	<Project>
		<Option title="DVR Controller" />
		<Option makefile_is_custom="1" />
		<Option pch_mode="2" />
		<Option compiler="avr-gcc" />
		<Build>
			<Target title="Debug">
				<Option output="bin/Debug/cctv.elf" prefix_auto="1" extension_auto="0" />
				<Option working_dir="" />
				<Option object_output="obj/Debug/" />
				<Option type="5" />
				<Option compiler="avr-gcc" />
				<Compiler>
					<Add option="-g" />
				</Compiler>
				<Environment>
					<Variable name="LANG_EN" value="1" />
				</Environment>
				<MakeCommands>
					<Build command="$make -f $makefile" />
					<CompileFile command="$make -f $makefile $file" />
					<Clean command="$make -f $makefile clean" />
					<DistClean command="$make -f $makefile distclean$target" />
					<AskRebuildNeeded command="$make -q -f $makefile" />
					<SilentBuild command="$make -f $makefile &gt; $(CMD_NULL)" />
				</MakeCommands>
			</Target>
			<Target title="Release">
				<Option output="bin/Release/cctv.elf" prefix_auto="1" extension_auto="0" />
				<Option working_dir="" />
				<Option object_output="obj/Release/" />
				<Option type="5" />
				<Option compiler="avr-gcc" />
				<Compiler>
					<Add option="-Os" />
				</Compiler>
			</Target>
			<Environment>
				<Variable name="MCU" value="atxmega128a1u" />
			</Environment>
		</Build>
		<Compiler>
			<Add option="-Wall" />
			<Add option="-mmcu=atxmega128a4u" />
			<Add option="-DF_CPU=32000000UL" />
		</Compiler>
		<Linker>
			<Add option="-mmcu=atxmega128a4u" />
			<Add option="-Wl,-Map=$(TARGET_OUTPUT_DIR)$(TARGET_OUTPUT_BASENAME).map,--cref" />
		</Linker>
		<ExtraCommands>
			<Add after="avr-objdump -h -S $(TARGET_OUTPUT_FILE) &gt; $(TARGET_OUTPUT_DIR)$(TARGET_OUTPUT_BASENAME).lss" />
			<Add after="avr-objcopy -R .eeprom -R .fuse -R .lock -R .signature -O ihex $(TARGET_OUTPUT_FILE) $(TARGET_OUTPUT_DIR)$(TARGET_OUTPUT_BASENAME).hex" />
			<Add after="avr-objcopy --no-change-warnings -j .eeprom --change-section-lma .eeprom=0 -O ihex $(TARGET_OUTPUT_FILE) $(TARGET_OUTPUT_DIR)$(TARGET_OUTPUT_BASENAME).eep" />
			<Add after="avr-objcopy --no-change-warnings -j .lock --change-section-lma .lock=0 -O ihex $(TARGET_OUTPUT_FILE) $(TARGET_OUTPUT_DIR)$(TARGET_OUTPUT_BASENAME).lock" />
			<Add after="avr-objcopy --no-change-warnings -j .signature --change-section-lma .signature=0 -O ihex $(TARGET_OUTPUT_FILE) $(TARGET_OUTPUT_DIR)$(TARGET_OUTPUT_BASENAME).sig" />
			<Add after="avr-objcopy --no-change-warnings -j .fuse --change-section-lma .fuse=0 -O ihex $(TARGET_OUTPUT_FILE) $(TARGET_OUTPUT_DIR)$(TARGET_OUTPUT_BASENAME).fuse" />
		</ExtraCommands>
		<Unit filename="../../../Lib/cmdline.c">
			<Option compilerVar="CC" />
		</Unit>
		<Unit filename="../../../Lib/include/cmdline.h" />
		<Unit filename="../../../Lib/include/queueStream.h" />
		<Unit filename="../../../Lib/include/vt100.h" />
		<Unit filename="../../../Lib/queueStream.c">
			<Option compilerVar="CC" />
		</Unit>
		<Unit filename="../../../Lib/vt100.c">
			<Option compilerVar="CC" />
		</Unit>
		<Unit filename="../../../LibRtos/include/sim900.h" />
		<Unit filename="../../../LibRtos/sim900.c">
			<Option compilerVar="CC" />
		</Unit>
		<Unit filename="FreeRTOSConfig.h" />
		<Unit filename="Makefile" />
		<Unit filename="avr_compiler.h" />
		<Unit filename="cli_task.c">
			<Option compilerVar="CC" />
		</Unit>
		<Unit filename="configuration.c">
			<Option compilerVar="CC" />
		</Unit>
		<Unit filename="configuration.h" />
		<Unit filename="hardware.c">
			<Option compilerVar="CC" />
		</Unit>
		<Unit filename="hardware.h" />
		<Unit filename="hardwareConfig.h" />
		<Unit filename="help_iox128a4u.h">
			<Option compile="1" />
			<Option link="1" />
		</Unit>
		<Unit filename="main.c">
			<Option compilerVar="CC" />
		</Unit>
		<Unit filename="main.h" />
		<Unit filename="serial.c">
			<Option compilerVar="CC" />
		</Unit>
		<Unit filename="serial.h" />
		<Unit filename="softwareConfig.h" />
		<Unit filename="tlv.c">
			<Option compilerVar="CC" />
		</Unit>
		<Unit filename="tlv.h" />
		<Unit filename="tlv_task.c">
			<Option compilerVar="CC" />
		</Unit>
		<Unit filename="tlv_task.h" />
		<Unit filename="vty.c">
			<Option compilerVar="CC" />
		</Unit>
		<Unit filename="vty.h" />
		<Unit filename="vty_en.h" />
		<Unit filename="vty_pl.h" />
		<Extensions>
			<envvars />
			<code_completion>
				<search_path add="/usr/lib/avr/include/avr" />
				<search_path add="../../Lib" />
				<search_path add="/usr/lib/avr/include/avr/iox128a4u.h" />
			</code_completion>
			<debugger />
			<lib_finder disable_auto="1">
				<lib name="/usr/lib/avr/include/avr/iox128a4u.h" />
			</lib_finder>
		</Extensions>
	</Project>
</CodeBlocks_project_file>
